
Microsoft Visual Studio Solution File, Format Version 12.00
# Visual Studio Version 16
VisualStudioVersion = 16.0.29025.244
MinimumVisualStudioVersion = 10.0.40219.1
Project("{FAE04EC0-301F-11D3-BF4B-00C04F79EFBC}") = "ExampleClasses", "ExampleClasses\ExampleClasses.csproj", "{C81C510A-0132-4FA2-B259-ABC84DDF5335}"
EndProject
Project("{FAE04EC0-301F-11D3-BF4B-00C04F79EFBC}") = "Tester", "Tester\Tester.csproj", "{7A8D90DE-4E04-4802-B3FB-6EC46A35FEEC}"
EndProject
Global
	GlobalSection(SolutionConfigurationPlatforms) = preSolution
		Debug|Any CPU = Debug|Any CPU
		Release|Any CPU = Release|Any CPU
	EndGlobalSection
	GlobalSection(ProjectConfigurationPlatforms) = postSolution
		{C81C510A-0132-4FA2-B259-ABC84DDF5335}.Debug|Any CPU.ActiveCfg = Debug|Any CPU
		{C81C510A-0132-4FA2-B259-ABC84DDF5335}.Debug|Any CPU.Build.0 = Debug|Any CPU
		{C81C510A-0132-4FA2-B259-ABC84DDF5335}.Release|Any CPU.ActiveCfg = Release|Any CPU
		{C81C510A-0132-4FA2-B259-ABC84DDF5335}.Release|Any CPU.Build.0 = Release|Any CPU
		{7A8D90DE-4E04-4802-B3FB-6EC46A35FEEC}.Debug|Any CPU.ActiveCfg = Debug|Any CPU
		{7A8D90DE-4E04-4802-B3FB-6EC46A35FEEC}.Debug|Any CPU.Build.0 = Debug|Any CPU
		{7A8D90DE-4E04-4802-B3FB-6EC46A35FEEC}.Release|Any CPU.ActiveCfg = Release|Any CPU
		{7A8D90DE-4E04-4802-B3FB-6EC46A35FEEC}.Release|Any CPU.Build.0 = Release|Any CPU
	EndGlobalSection
	GlobalSection(SolutionProperties) = preSolution
		HideSolutionNode = FALSE
	EndGlobalSection
	GlobalSection(ExtensibilityGlobals) = postSolution
		SolutionGuid = {E5763FAF-0CB0-43F2-AE41-BD58BFCF599F}
	EndGlobalSection
EndGlobal
